
Microsoft Visual Studio Solution File, Format Version 12.00
# Visual Studio Version 17
VisualStudioVersion = 17.5.33424.131
MinimumVisualStudioVersion = 10.0.40219.1
Project("{9A19103F-16F7-4668-BE54-9A1E7A4F7556}") = "LONE", "LONE\LONE.csproj", "{8F98493F-ECA3-401B-85AE-63F1275F518F}"
EndProject
Global
	GlobalSection(SolutionConfigurationPlatforms) = preSolution
		Debug|Any CPU = Debug|Any CPU
		Release|Any CPU = Release|Any CPU
	EndGlobalSection
	GlobalSection(ProjectConfigurationPlatforms) = postSolution
		{8F98493F-ECA3-401B-85AE-63F1275F518F}.Debug|Any CPU.ActiveCfg = Debug|Any CPU
		{8F98493F-ECA3-401B-85AE-63F1275F518F}.Debug|Any CPU.Build.0 = Debug|Any CPU
		{8F98493F-ECA3-401B-85AE-63F1275F518F}.Release|Any CPU.ActiveCfg = Release|Any CPU
		{8F98493F-ECA3-401B-85AE-63F1275F518F}.Release|Any CPU.Build.0 = Release|Any CPU
	EndGlobalSection
	GlobalSection(SolutionProperties) = preSolution
		HideSolutionNode = FALSE
	EndGlobalSection
	GlobalSection(ExtensibilityGlobals) = postSolution
		SolutionGuid = {03010431-2C03-48FA-8D4B-C955B2217BBD}
	EndGlobalSection
EndGlobal
